// !$*UTF8*$!
{
	archiveVersion = 1;
	classes = {
	};
	objectVersion = 56;
	objects = {

/* Begin PBXBuildFile section */
		007858192B4C525E007C0C22 /* GoogleService-Info.plist in Resources */ = {isa = PBXBuildFile; fileRef = 007858182B4C525D007C0C22 /* GoogleService-Info.plist */; };
		0078581C2B4C532B007C0C22 /* FirebaseAnalytics in Frameworks */ = {isa = PBXBuildFile; productRef = 0078581B2B4C532B007C0C22 /* FirebaseAnalytics */; };
		0078581E2B4C532B007C0C22 /* FirebaseAnalyticsOnDeviceConversion in Frameworks */ = {isa = PBXBuildFile; productRef = 0078581D2B4C532B007C0C22 /* FirebaseAnalyticsOnDeviceConversion */; };
		007858202B4C532B007C0C22 /* FirebaseAnalyticsSwift in Frameworks */ = {isa = PBXBuildFile; productRef = 0078581F2B4C532B007C0C22 /* FirebaseAnalyticsSwift */; };
		007858222B4C532B007C0C22 /* FirebaseAnalyticsWithoutAdIdSupport in Frameworks */ = {isa = PBXBuildFile; productRef = 007858212B4C532B007C0C22 /* FirebaseAnalyticsWithoutAdIdSupport */; };
		007858242B4C532B007C0C22 /* FirebaseAppCheck in Frameworks */ = {isa = PBXBuildFile; productRef = 007858232B4C532B007C0C22 /* FirebaseAppCheck */; };
		007858272B4E93F2007C0C22 /* FirebaseAuth in Frameworks */ = {isa = PBXBuildFile; productRef = 007858262B4E93F2007C0C22 /* FirebaseAuth */; };
		007858302B5046BB007C0C22 /* Profile.swift in Sources */ = {isa = PBXBuildFile; fileRef = 0078582F2B5046BB007C0C22 /* Profile.swift */; };
		007858322B5046F3007C0C22 /* Main.swift in Sources */ = {isa = PBXBuildFile; fileRef = 007858312B5046F3007C0C22 /* Main.swift */; };
		007858342B50474C007C0C22 /* Register.swift in Sources */ = {isa = PBXBuildFile; fileRef = 007858332B50474C007C0C22 /* Register.swift */; };
		007858362B50476A007C0C22 /* Login.swift in Sources */ = {isa = PBXBuildFile; fileRef = 007858352B50476A007C0C22 /* Login.swift */; };
		009EA5AF2B74BF32002194FA /* Edit_profile.swift in Sources */ = {isa = PBXBuildFile; fileRef = 009EA5AE2B74BF32002194FA /* Edit_profile.swift */; };
		009EA5B12B74E2DC002194FA /* FirebaseFirestore in Frameworks */ = {isa = PBXBuildFile; productRef = 009EA5B02B74E2DC002194FA /* FirebaseFirestore */; };
		009EA5B32B74E2E8002194FA /* FirebaseFirestoreSwift in Frameworks */ = {isa = PBXBuildFile; productRef = 009EA5B22B74E2E8002194FA /* FirebaseFirestoreSwift */; };
		009EA5B82B74EECB002194FA /* Firestore_functions.swift in Sources */ = {isa = PBXBuildFile; fileRef = 009EA5B72B74EECB002194FA /* Firestore_functions.swift */; };
		00CD65442B0670B0004B8EA4 /* Dog_feederApp.swift in Sources */ = {isa = PBXBuildFile; fileRef = 00CD65432B0670B0004B8EA4 /* Dog_feederApp.swift */; };
		00CD65462B0670B0004B8EA4 /* ContentView.swift in Sources */ = {isa = PBXBuildFile; fileRef = 00CD65452B0670B0004B8EA4 /* ContentView.swift */; };
		00CD65482B0670B1004B8EA4 /* Assets.xcassets in Resources */ = {isa = PBXBuildFile; fileRef = 00CD65472B0670B1004B8EA4 /* Assets.xcassets */; };
		00CD654B2B0670B1004B8EA4 /* Preview Assets.xcassets in Resources */ = {isa = PBXBuildFile; fileRef = 00CD654A2B0670B1004B8EA4 /* Preview Assets.xcassets */; };
		00F519F02B7C3356003C06CA /* AddFood.swift in Sources */ = {isa = PBXBuildFile; fileRef = 00F519EF2B7C3356003C06CA /* AddFood.swift */; };
		00F519F32B7D7376003C06CA /* MQTT_functions.swift in Sources */ = {isa = PBXBuildFile; fileRef = 00F519F22B7D7376003C06CA /* MQTT_functions.swift */; };
		DFD96EA8DB741E05D18F0A73 /* Pods_Dog_feeder.framework in Frameworks */ = {isa = PBXBuildFile; fileRef = 8E85D6DED15AEC9B9C8F76B5 /* Pods_Dog_feeder.framework */; };
/* End PBXBuildFile section */

/* Begin PBXFileReference section */
		007858182B4C525D007C0C22 /* GoogleService-Info.plist */ = {isa = PBXFileReference; lastKnownFileType = text.plist.xml; name = "GoogleService-Info.plist"; path = "Dog-feeder/GoogleService-Info.plist"; sourceTree = SOURCE_ROOT; };
		0078582F2B5046BB007C0C22 /* Profile.swift */ = {isa = PBXFileReference; lastKnownFileType = sourcecode.swift; path = Profile.swift; sourceTree = "<group>"; };
		007858312B5046F3007C0C22 /* Main.swift */ = {isa = PBXFileReference; lastKnownFileType = sourcecode.swift; path = Main.swift; sourceTree = "<group>"; };
		007858332B50474C007C0C22 /* Register.swift */ = {isa = PBXFileReference; lastKnownFileType = sourcecode.swift; path = Register.swift; sourceTree = "<group>"; };
		007858352B50476A007C0C22 /* Login.swift */ = {isa = PBXFileReference; lastKnownFileType = sourcecode.swift; path = Login.swift; sourceTree = "<group>"; };
		009EA5AE2B74BF32002194FA /* Edit_profile.swift */ = {isa = PBXFileReference; lastKnownFileType = sourcecode.swift; path = Edit_profile.swift; sourceTree = "<group>"; };
		009EA5B72B74EECB002194FA /* Firestore_functions.swift */ = {isa = PBXFileReference; lastKnownFileType = sourcecode.swift; path = Firestore_functions.swift; sourceTree = "<group>"; };
		00CD65402B0670B0004B8EA4 /* Dog-feeder.app */ = {isa = PBXFileReference; explicitFileType = wrapper.application; includeInIndex = 0; path = "Dog-feeder.app"; sourceTree = BUILT_PRODUCTS_DIR; };
		00CD65432B0670B0004B8EA4 /* Dog_feederApp.swift */ = {isa = PBXFileReference; lastKnownFileType = sourcecode.swift; path = Dog_feederApp.swift; sourceTree = "<group>"; };
		00CD65452B0670B0004B8EA4 /* ContentView.swift */ = {isa = PBXFileReference; lastKnownFileType = sourcecode.swift; path = ContentView.swift; sourceTree = "<group>"; usesTabs = 0; };
		00CD65472B0670B1004B8EA4 /* Assets.xcassets */ = {isa = PBXFileReference; lastKnownFileType = folder.assetcatalog; path = Assets.xcassets; sourceTree = "<group>"; };
		00CD654A2B0670B1004B8EA4 /* Preview Assets.xcassets */ = {isa = PBXFileReference; lastKnownFileType = folder.assetcatalog; path = "Preview Assets.xcassets"; sourceTree = "<group>"; };
		00F519EF2B7C3356003C06CA /* AddFood.swift */ = {isa = PBXFileReference; lastKnownFileType = sourcecode.swift; path = AddFood.swift; sourceTree = "<group>"; };
		00F519F22B7D7376003C06CA /* MQTT_functions.swift */ = {isa = PBXFileReference; lastKnownFileType = sourcecode.swift; path = MQTT_functions.swift; sourceTree = "<group>"; };
		8E85D6DED15AEC9B9C8F76B5 /* Pods_Dog_feeder.framework */ = {isa = PBXFileReference; explicitFileType = wrapper.framework; includeInIndex = 0; path = Pods_Dog_feeder.framework; sourceTree = BUILT_PRODUCTS_DIR; };
		AC35234E5029DC99FAAB3A89 /* Pods-Dog-feeder.release.xcconfig */ = {isa = PBXFileReference; includeInIndex = 1; lastKnownFileType = text.xcconfig; name = "Pods-Dog-feeder.release.xcconfig"; path = "Target Support Files/Pods-Dog-feeder/Pods-Dog-feeder.release.xcconfig"; sourceTree = "<group>"; };
		BAF1A53274ED0D7FBC032817 /* Pods-Dog-feeder.debug.xcconfig */ = {isa = PBXFileReference; includeInIndex = 1; lastKnownFileType = text.xcconfig; name = "Pods-Dog-feeder.debug.xcconfig"; path = "Target Support Files/Pods-Dog-feeder/Pods-Dog-feeder.debug.xcconfig"; sourceTree = "<group>"; };
/* End PBXFileReference section */

/* Begin PBXFrameworksBuildPhase section */
		00CD653D2B0670B0004B8EA4 /* Frameworks */ = {
			isa = PBXFrameworksBuildPhase;
			buildActionMask = 2147483647;
			files = (
				007858202B4C532B007C0C22 /* FirebaseAnalyticsSwift in Frameworks */,
				007858272B4E93F2007C0C22 /* FirebaseAuth in Frameworks */,
				0078581C2B4C532B007C0C22 /* FirebaseAnalytics in Frameworks */,
				0078581E2B4C532B007C0C22 /* FirebaseAnalyticsOnDeviceConversion in Frameworks */,
				007858242B4C532B007C0C22 /* FirebaseAppCheck in Frameworks */,
				009EA5B12B74E2DC002194FA /* FirebaseFirestore in Frameworks */,
				007858222B4C532B007C0C22 /* FirebaseAnalyticsWithoutAdIdSupport in Frameworks */,
				DFD96EA8DB741E05D18F0A73 /* Pods_Dog_feeder.framework in Frameworks */,
				009EA5B32B74E2E8002194FA /* FirebaseFirestoreSwift in Frameworks */,
			);
			runOnlyForDeploymentPostprocessing = 0;
		};
/* End PBXFrameworksBuildPhase section */

/* Begin PBXGroup section */
		009EA5B62B74EE6F002194FA /* Firebase Contents */ = {
			isa = PBXGroup;
			children = (
				009EA5B72B74EECB002194FA /* Firestore_functions.swift */,
			);
			path = "Firebase Contents";
			sourceTree = "<group>";
		};
		00CD65372B0670B0004B8EA4 = {
			isa = PBXGroup;
			children = (
				00CD65422B0670B0004B8EA4 /* Dog-feeder */,
				00CD65412B0670B0004B8EA4 /* Products */,
				CB9E6E621D0D0DE02D504937 /* Pods */,
				23F68AD702A969E996261032 /* Frameworks */,
			);
			sourceTree = "<group>";
		};
		00CD65412B0670B0004B8EA4 /* Products */ = {
			isa = PBXGroup;
			children = (
				00CD65402B0670B0004B8EA4 /* Dog-feeder.app */,
			);
			name = Products;
			sourceTree = "<group>";
		};
		00CD65422B0670B0004B8EA4 /* Dog-feeder */ = {
			isa = PBXGroup;
			children = (
				00F519F12B7D735D003C06CA /* MQTT */,
				009EA5B62B74EE6F002194FA /* Firebase Contents */,
				00CD65432B0670B0004B8EA4 /* Dog_feederApp.swift */,
				00CD65452B0670B0004B8EA4 /* ContentView.swift */,
				007858182B4C525D007C0C22 /* GoogleService-Info.plist */,
				00CD65472B0670B1004B8EA4 /* Assets.xcassets */,
				00CD65492B0670B1004B8EA4 /* Preview Content */,
			);
			path = "Dog-feeder";
			sourceTree = "<group>";
		};
		00CD65492B0670B1004B8EA4 /* Preview Content */ = {
			isa = PBXGroup;
			children = (
				00CD654A2B0670B1004B8EA4 /* Preview Assets.xcassets */,
				0078582F2B5046BB007C0C22 /* Profile.swift */,
				007858312B5046F3007C0C22 /* Main.swift */,
				007858332B50474C007C0C22 /* Register.swift */,
				007858352B50476A007C0C22 /* Login.swift */,
				009EA5AE2B74BF32002194FA /* Edit_profile.swift */,
				00F519EF2B7C3356003C06CA /* AddFood.swift */,
			);
			path = "Preview Content";
			sourceTree = "<group>";
		};
		00F519F12B7D735D003C06CA /* MQTT */ = {
			isa = PBXGroup;
			children = (
				00F519F22B7D7376003C06CA /* MQTT_functions.swift */,
			);
			path = MQTT;
			sourceTree = "<group>";
		};
		23F68AD702A969E996261032 /* Frameworks */ = {
			isa = PBXGroup;
			children = (
				8E85D6DED15AEC9B9C8F76B5 /* Pods_Dog_feeder.framework */,
			);
			name = Frameworks;
			sourceTree = "<group>";
		};
		CB9E6E621D0D0DE02D504937 /* Pods */ = {
			isa = PBXGroup;
			children = (
				BAF1A53274ED0D7FBC032817 /* Pods-Dog-feeder.debug.xcconfig */,
				AC35234E5029DC99FAAB3A89 /* Pods-Dog-feeder.release.xcconfig */,
			);
			path = Pods;
			sourceTree = "<group>";
		};
/* End PBXGroup section */

/* Begin PBXNativeTarget section */
		00CD653F2B0670B0004B8EA4 /* Dog-feeder */ = {
			isa = PBXNativeTarget;
			buildConfigurationList = 00CD654E2B0670B1004B8EA4 /* Build configuration list for PBXNativeTarget "Dog-feeder" */;
			buildPhases = (
				038C2DF486D7FAFA14DB5CA0 /* [CP] Check Pods Manifest.lock */,
				00CD653C2B0670B0004B8EA4 /* Sources */,
				00CD653D2B0670B0004B8EA4 /* Frameworks */,
				00CD653E2B0670B0004B8EA4 /* Resources */,
				AB70106EA2B441383F24BDB8 /* [CP] Embed Pods Frameworks */,
			);
			buildRules = (
			);
			dependencies = (
			);
			name = "Dog-feeder";
			packageProductDependencies = (
				0078581B2B4C532B007C0C22 /* FirebaseAnalytics */,
				0078581D2B4C532B007C0C22 /* FirebaseAnalyticsOnDeviceConversion */,
				0078581F2B4C532B007C0C22 /* FirebaseAnalyticsSwift */,
				007858212B4C532B007C0C22 /* FirebaseAnalyticsWithoutAdIdSupport */,
				007858232B4C532B007C0C22 /* FirebaseAppCheck */,
				007858262B4E93F2007C0C22 /* FirebaseAuth */,
				009EA5B02B74E2DC002194FA /* FirebaseFirestore */,
				009EA5B22B74E2E8002194FA /* FirebaseFirestoreSwift */,
			);
			productName = "Dog-feeder";
			productReference = 00CD65402B0670B0004B8EA4 /* Dog-feeder.app */;
			productType = "com.apple.product-type.application";
		};
/* End PBXNativeTarget section */

/* Begin PBXProject section */
		00CD65382B0670B0004B8EA4 /* Project object */ = {
			isa = PBXProject;
			attributes = {
				BuildIndependentTargetsInParallel = 1;
				LastSwiftUpdateCheck = 1500;
				LastUpgradeCheck = 1500;
				TargetAttributes = {
					00CD653F2B0670B0004B8EA4 = {
						CreatedOnToolsVersion = 15.0;
					};
				};
			};
			buildConfigurationList = 00CD653B2B0670B0004B8EA4 /* Build configuration list for PBXProject "Dog-feeder" */;
			compatibilityVersion = "Xcode 14.0";
			developmentRegion = en;
			hasScannedForEncodings = 0;
			knownRegions = (
				en,
				Base,
			);
			mainGroup = 00CD65372B0670B0004B8EA4;
			packageReferences = (
				0078581A2B4C532B007C0C22 /* XCRemoteSwiftPackageReference "firebase-ios-sdk" */,
			);
			productRefGroup = 00CD65412B0670B0004B8EA4 /* Products */;
			projectDirPath = "";
			projectRoot = "";
			targets = (
				00CD653F2B0670B0004B8EA4 /* Dog-feeder */,
			);
		};
/* End PBXProject section */

/* Begin PBXResourcesBuildPhase section */
		00CD653E2B0670B0004B8EA4 /* Resources */ = {
			isa = PBXResourcesBuildPhase;
			buildActionMask = 2147483647;
			files = (
				00CD654B2B0670B1004B8EA4 /* Preview Assets.xcassets in Resources */,
				00CD65482B0670B1004B8EA4 /* Assets.xcassets in Resources */,
				007858192B4C525E007C0C22 /* GoogleService-Info.plist in Resources */,
			);
			runOnlyForDeploymentPostprocessing = 0;
		};
/* End PBXResourcesBuildPhase section */

/* Begin PBXShellScriptBuildPhase section */
		038C2DF486D7FAFA14DB5CA0 /* [CP] Check Pods Manifest.lock */ = {
			isa = PBXShellScriptBuildPhase;
			buildActionMask = 2147483647;
			files = (
			);
			inputFileListPaths = (
			);
			inputPaths = (
				"${PODS_PODFILE_DIR_PATH}/Podfile.lock",
				"${PODS_ROOT}/Manifest.lock",
			);
			name = "[CP] Check Pods Manifest.lock";
			outputFileListPaths = (
			);
			outputPaths = (
				"$(DERIVED_FILE_DIR)/Pods-Dog-feeder-checkManifestLockResult.txt",
			);
			runOnlyForDeploymentPostprocessing = 0;
			shellPath = /bin/sh;
			shellScript = "diff \"${PODS_PODFILE_DIR_PATH}/Podfile.lock\" \"${PODS_ROOT}/Manifest.lock\" > /dev/null\nif [ $? != 0 ] ; then\n    # print error to STDERR\n    echo \"error: The sandbox is not in sync with the Podfile.lock. Run 'pod install' or update your CocoaPods installation.\" >&2\n    exit 1\nfi\n# This output is used by Xcode 'outputs' to avoid re-running this script phase.\necho \"SUCCESS\" > \"${SCRIPT_OUTPUT_FILE_0}\"\n";
			showEnvVarsInLog = 0;
		};
		AB70106EA2B441383F24BDB8 /* [CP] Embed Pods Frameworks */ = {
			isa = PBXShellScriptBuildPhase;
			buildActionMask = 2147483647;
			files = (
			);
			inputFileListPaths = (
				"${PODS_ROOT}/Target Support Files/Pods-Dog-feeder/Pods-Dog-feeder-frameworks-${CONFIGURATION}-input-files.xcfilelist",
			);
			name = "[CP] Embed Pods Frameworks";
			outputFileListPaths = (
				"${PODS_ROOT}/Target Support Files/Pods-Dog-feeder/Pods-Dog-feeder-frameworks-${CONFIGURATION}-output-files.xcfilelist",
			);
			runOnlyForDeploymentPostprocessing = 0;
			shellPath = /bin/sh;
			shellScript = "\"${PODS_ROOT}/Target Support Files/Pods-Dog-feeder/Pods-Dog-feeder-frameworks.sh\"\n";
			showEnvVarsInLog = 0;
		};
/* End PBXShellScriptBuildPhase section */

/* Begin PBXSourcesBuildPhase section */
		00CD653C2B0670B0004B8EA4 /* Sources */ = {
			isa = PBXSourcesBuildPhase;
			buildActionMask = 2147483647;
			files = (
				00CD65462B0670B0004B8EA4 /* ContentView.swift in Sources */,
				007858302B5046BB007C0C22 /* Profile.swift in Sources */,
				007858322B5046F3007C0C22 /* Main.swift in Sources */,
				00F519F02B7C3356003C06CA /* AddFood.swift in Sources */,
				00F519F32B7D7376003C06CA /* MQTT_functions.swift in Sources */,
				009EA5AF2B74BF32002194FA /* Edit_profile.swift in Sources */,
				009EA5B82B74EECB002194FA /* Firestore_functions.swift in Sources */,
				007858362B50476A007C0C22 /* Login.swift in Sources */,
				00CD65442B0670B0004B8EA4 /* Dog_feederApp.swift in Sources */,
				007858342B50474C007C0C22 /* Register.swift in Sources */,
			);
			runOnlyForDeploymentPostprocessing = 0;
		};
/* End PBXSourcesBuildPhase section */

/* Begin XCBuildConfiguration section */
		00CD654C2B0670B1004B8EA4 /* Debug */ = {
			isa = XCBuildConfiguration;
			buildSettings = {
				ALWAYS_SEARCH_USER_PATHS = NO;
				ASSETCATALOG_COMPILER_GENERATE_SWIFT_ASSET_SYMBOL_EXTENSIONS = YES;
				CLANG_ANALYZER_NONNULL = YES;
				CLANG_ANALYZER_NUMBER_OBJECT_CONVERSION = YES_AGGRESSIVE;
				CLANG_CXX_LANGUAGE_STANDARD = "gnu++20";
				CLANG_ENABLE_MODULES = YES;
				CLANG_ENABLE_OBJC_ARC = YES;
				CLANG_ENABLE_OBJC_WEAK = YES;
				CLANG_WARN_BLOCK_CAPTURE_AUTORELEASING = YES;
				CLANG_WARN_BOOL_CONVERSION = YES;
				CLANG_WARN_COMMA = YES;
				CLANG_WARN_CONSTANT_CONVERSION = YES;
				CLANG_WARN_DEPRECATED_OBJC_IMPLEMENTATIONS = YES;
				CLANG_WARN_DIRECT_OBJC_ISA_USAGE = YES_ERROR;
				CLANG_WARN_DOCUMENTATION_COMMENTS = YES;
				CLANG_WARN_EMPTY_BODY = YES;
				CLANG_WARN_ENUM_CONVERSION = YES;
				CLANG_WARN_INFINITE_RECURSION = YES;
				CLANG_WARN_INT_CONVERSION = YES;
				CLANG_WARN_NON_LITERAL_NULL_CONVERSION = YES;
				CLANG_WARN_OBJC_IMPLICIT_RETAIN_SELF = YES;
				CLANG_WARN_OBJC_LITERAL_CONVERSION = YES;
				CLANG_WARN_OBJC_ROOT_CLASS = YES_ERROR;
				CLANG_WARN_QUOTED_INCLUDE_IN_FRAMEWORK_HEADER = YES;
				CLANG_WARN_RANGE_LOOP_ANALYSIS = YES;
				CLANG_WARN_STRICT_PROTOTYPES = YES;
				CLANG_WARN_SUSPICIOUS_MOVE = YES;
				CLANG_WARN_UNGUARDED_AVAILABILITY = YES_AGGRESSIVE;
				CLANG_WARN_UNREACHABLE_CODE = YES;
				CLANG_WARN__DUPLICATE_METHOD_MATCH = YES;
				COPY_PHASE_STRIP = NO;
				DEBUG_INFORMATION_FORMAT = dwarf;
				ENABLE_STRICT_OBJC_MSGSEND = YES;
				ENABLE_TESTABILITY = YES;
				ENABLE_USER_SCRIPT_SANDBOXING = YES;
				GCC_C_LANGUAGE_STANDARD = gnu17;
				GCC_DYNAMIC_NO_PIC = NO;
				GCC_NO_COMMON_BLOCKS = YES;
				GCC_OPTIMIZATION_LEVEL = 0;
				GCC_PREPROCESSOR_DEFINITIONS = (
					"DEBUG=1",
					"$(inherited)",
				);
				GCC_WARN_64_TO_32_BIT_CONVERSION = YES;
				GCC_WARN_ABOUT_RETURN_TYPE = YES_ERROR;
				GCC_WARN_UNDECLARED_SELECTOR = YES;
				GCC_WARN_UNINITIALIZED_AUTOS = YES_AGGRESSIVE;
				GCC_WARN_UNUSED_FUNCTION = YES;
				GCC_WARN_UNUSED_VARIABLE = YES;
				IPHONEOS_DEPLOYMENT_TARGET = 17.0;
				LOCALIZATION_PREFERS_STRING_CATALOGS = YES;
				MTL_ENABLE_DEBUG_INFO = INCLUDE_SOURCE;
				MTL_FAST_MATH = YES;
				ONLY_ACTIVE_ARCH = YES;
				SDKROOT = iphoneos;
				SWIFT_ACTIVE_COMPILATION_CONDITIONS = "DEBUG $(inherited)";
				SWIFT_OPTIMIZATION_LEVEL = "-Onone";
			};
			name = Debug;
		};
		00CD654D2B0670B1004B8EA4 /* Release */ = {
			isa = XCBuildConfiguration;
			buildSettings = {
				ALWAYS_SEARCH_USER_PATHS = NO;
				ASSETCATALOG_COMPILER_GENERATE_SWIFT_ASSET_SYMBOL_EXTENSIONS = YES;
				CLANG_ANALYZER_NONNULL = YES;
				CLANG_ANALYZER_NUMBER_OBJECT_CONVERSION = YES_AGGRESSIVE;
				CLANG_CXX_LANGUAGE_STANDARD = "gnu++20";
				CLANG_ENABLE_MODULES = YES;
				CLANG_ENABLE_OBJC_ARC = YES;
				CLANG_ENABLE_OBJC_WEAK = YES;
				CLANG_WARN_BLOCK_CAPTURE_AUTORELEASING = YES;
				CLANG_WARN_BOOL_CONVERSION = YES;
				CLANG_WARN_COMMA = YES;
				CLANG_WARN_CONSTANT_CONVERSION = YES;
				CLANG_WARN_DEPRECATED_OBJC_IMPLEMENTATIONS = YES;
				CLANG_WARN_DIRECT_OBJC_ISA_USAGE = YES_ERROR;
				CLANG_WARN_DOCUMENTATION_COMMENTS = YES;
				CLANG_WARN_EMPTY_BODY = YES;
				CLANG_WARN_ENUM_CONVERSION = YES;
				CLANG_WARN_INFINITE_RECURSION = YES;
				CLANG_WARN_INT_CONVERSION = YES;
				CLANG_WARN_NON_LITERAL_NULL_CONVERSION = YES;
				CLANG_WARN_OBJC_IMPLICIT_RETAIN_SELF = YES;
				CLANG_WARN_OBJC_LITERAL_CONVERSION = YES;
				CLANG_WARN_OBJC_ROOT_CLASS = YES_ERROR;
				CLANG_WARN_QUOTED_INCLUDE_IN_FRAMEWORK_HEADER = YES;
				CLANG_WARN_RANGE_LOOP_ANALYSIS = YES;
				CLANG_WARN_STRICT_PROTOTYPES = YES;
				CLANG_WARN_SUSPICIOUS_MOVE = YES;
				CLANG_WARN_UNGUARDED_AVAILABILITY = YES_AGGRESSIVE;
				CLANG_WARN_UNREACHABLE_CODE = YES;
				CLANG_WARN__DUPLICATE_METHOD_MATCH = YES;
				COPY_PHASE_STRIP = NO;
				DEBUG_INFORMATION_FORMAT = "dwarf-with-dsym";
				ENABLE_NS_ASSERTIONS = NO;
				ENABLE_STRICT_OBJC_MSGSEND = YES;
				ENABLE_USER_SCRIPT_SANDBOXING = YES;
				GCC_C_LANGUAGE_STANDARD = gnu17;
				GCC_NO_COMMON_BLOCKS = YES;
				GCC_WARN_64_TO_32_BIT_CONVERSION = YES;
				GCC_WARN_ABOUT_RETURN_TYPE = YES_ERROR;
				GCC_WARN_UNDECLARED_SELECTOR = YES;
				GCC_WARN_UNINITIALIZED_AUTOS = YES_AGGRESSIVE;
				GCC_WARN_UNUSED_FUNCTION = YES;
				GCC_WARN_UNUSED_VARIABLE = YES;
				IPHONEOS_DEPLOYMENT_TARGET = 17.0;
				LOCALIZATION_PREFERS_STRING_CATALOGS = YES;
				MTL_ENABLE_DEBUG_INFO = NO;
				MTL_FAST_MATH = YES;
				SDKROOT = iphoneos;
				SWIFT_COMPILATION_MODE = wholemodule;
				VALIDATE_PRODUCT = YES;
			};
			name = Release;
		};
		00CD654F2B0670B1004B8EA4 /* Debug */ = {
			isa = XCBuildConfiguration;
			baseConfigurationReference = BAF1A53274ED0D7FBC032817 /* Pods-Dog-feeder.debug.xcconfig */;
			buildSettings = {
				ASSETCATALOG_COMPILER_APPICON_NAME = AppIcon;
				ASSETCATALOG_COMPILER_GLOBAL_ACCENT_COLOR_NAME = AccentColor;
				CODE_SIGN_STYLE = Automatic;
				CURRENT_PROJECT_VERSION = 1;
				DEVELOPMENT_ASSET_PATHS = "\"Dog-feeder/Preview Content\"";
				DEVELOPMENT_TEAM = SMRR93A979;
				ENABLE_PREVIEWS = YES;
				ENABLE_USER_SCRIPT_SANDBOXING = NO;
				GENERATE_INFOPLIST_FILE = YES;
				INFOPLIST_KEY_UIApplicationSceneManifest_Generation = YES;
				INFOPLIST_KEY_UIApplicationSupportsIndirectInputEvents = YES;
				INFOPLIST_KEY_UILaunchScreen_Generation = YES;
				INFOPLIST_KEY_UISupportedInterfaceOrientations_iPad = "UIInterfaceOrientationPortrait UIInterfaceOrientationPortraitUpsideDown UIInterfaceOrientationLandscapeLeft UIInterfaceOrientationLandscapeRight";
				INFOPLIST_KEY_UISupportedInterfaceOrientations_iPhone = "UIInterfaceOrientationPortrait UIInterfaceOrientationLandscapeLeft UIInterfaceOrientationLandscapeRight";
				LD_RUNPATH_SEARCH_PATHS = (
					"$(inherited)",
					"@executable_path/Frameworks",
				);
				MARKETING_VERSION = 1.0;
				PRODUCT_BUNDLE_IDENTIFIER = "DR.Dog-feeder";
				PRODUCT_NAME = "$(TARGET_NAME)";
				SWIFT_EMIT_LOC_STRINGS = YES;
				SWIFT_VERSION = 5.0;
				TARGETED_DEVICE_FAMILY = "1,2";
			};
			name = Debug;
		};
		00CD65502B0670B1004B8EA4 /* Release */ = {
			isa = XCBuildConfiguration;
			baseConfigurationReference = AC35234E5029DC99FAAB3A89 /* Pods-Dog-feeder.release.xcconfig */;
			buildSettings = {
				ASSETCATALOG_COMPILER_APPICON_NAME = AppIcon;
				ASSETCATALOG_COMPILER_GLOBAL_ACCENT_COLOR_NAME = AccentColor;
				CODE_SIGN_STYLE = Automatic;
				CURRENT_PROJECT_VERSION = 1;
				DEVELOPMENT_ASSET_PATHS = "\"Dog-feeder/Preview Content\"";
				DEVELOPMENT_TEAM = SMRR93A979;
				ENABLE_PREVIEWS = YES;
				ENABLE_USER_SCRIPT_SANDBOXING = NO;
				GENERATE_INFOPLIST_FILE = YES;
				INFOPLIST_KEY_UIApplicationSceneManifest_Generation = YES;
				INFOPLIST_KEY_UIApplicationSupportsIndirectInputEvents = YES;
				INFOPLIST_KEY_UILaunchScreen_Generation = YES;
				INFOPLIST_KEY_UISupportedInterfaceOrientations_iPad = "UIInterfaceOrientationPortrait UIInterfaceOrientationPortraitUpsideDown UIInterfaceOrientationLandscapeLeft UIInterfaceOrientationLandscapeRight";
				INFOPLIST_KEY_UISupportedInterfaceOrientations_iPhone = "UIInterfaceOrientationPortrait UIInterfaceOrientationLandscapeLeft UIInterfaceOrientationLandscapeRight";
				LD_RUNPATH_SEARCH_PATHS = (
					"$(inherited)",
					"@executable_path/Frameworks",
				);
				MARKETING_VERSION = 1.0;
				PRODUCT_BUNDLE_IDENTIFIER = "DR.Dog-feeder";
				PRODUCT_NAME = "$(TARGET_NAME)";
				SWIFT_EMIT_LOC_STRINGS = YES;
				SWIFT_VERSION = 5.0;
				TARGETED_DEVICE_FAMILY = "1,2";
			};
			name = Release;
		};
/* End XCBuildConfiguration section */

/* Begin XCConfigurationList section */
		00CD653B2B0670B0004B8EA4 /* Build configuration list for PBXProject "Dog-feeder" */ = {
			isa = XCConfigurationList;
			buildConfigurations = (
				00CD654C2B0670B1004B8EA4 /* Debug */,
				00CD654D2B0670B1004B8EA4 /* Release */,
			);
			defaultConfigurationIsVisible = 0;
			defaultConfigurationName = Release;
		};
		00CD654E2B0670B1004B8EA4 /* Build configuration list for PBXNativeTarget "Dog-feeder" */ = {
			isa = XCConfigurationList;
			buildConfigurations = (
				00CD654F2B0670B1004B8EA4 /* Debug */,
				00CD65502B0670B1004B8EA4 /* Release */,
			);
			defaultConfigurationIsVisible = 0;
			defaultConfigurationName = Release;
		};
/* End XCConfigurationList section */

/* Begin XCRemoteSwiftPackageReference section */
		0078581A2B4C532B007C0C22 /* XCRemoteSwiftPackageReference "firebase-ios-sdk" */ = {
			isa = XCRemoteSwiftPackageReference;
			repositoryURL = "https://github.com/firebase/firebase-ios-sdk.git";
			requirement = {
				kind = upToNextMajorVersion;
				minimumVersion = 10.19.1;
			};
		};
/* End XCRemoteSwiftPackageReference section */

/* Begin XCSwiftPackageProductDependency section */
		0078581B2B4C532B007C0C22 /* FirebaseAnalytics */ = {
			isa = XCSwiftPackageProductDependency;
			package = 0078581A2B4C532B007C0C22 /* XCRemoteSwiftPackageReference "firebase-ios-sdk" */;
			productName = FirebaseAnalytics;
		};
		0078581D2B4C532B007C0C22 /* FirebaseAnalyticsOnDeviceConversion */ = {
			isa = XCSwiftPackageProductDependency;
			package = 0078581A2B4C532B007C0C22 /* XCRemoteSwiftPackageReference "firebase-ios-sdk" */;
			productName = FirebaseAnalyticsOnDeviceConversion;
		};
		0078581F2B4C532B007C0C22 /* FirebaseAnalyticsSwift */ = {
			isa = XCSwiftPackageProductDependency;
			package = 0078581A2B4C532B007C0C22 /* XCRemoteSwiftPackageReference "firebase-ios-sdk" */;
			productName = FirebaseAnalyticsSwift;
		};
		007858212B4C532B007C0C22 /* FirebaseAnalyticsWithoutAdIdSupport */ = {
			isa = XCSwiftPackageProductDependency;
			package = 0078581A2B4C532B007C0C22 /* XCRemoteSwiftPackageReference "firebase-ios-sdk" */;
			productName = FirebaseAnalyticsWithoutAdIdSupport;
		};
		007858232B4C532B007C0C22 /* FirebaseAppCheck */ = {
			isa = XCSwiftPackageProductDependency;
			package = 0078581A2B4C532B007C0C22 /* XCRemoteSwiftPackageReference "firebase-ios-sdk" */;
			productName = FirebaseAppCheck;
		};
		007858262B4E93F2007C0C22 /* FirebaseAuth */ = {
			isa = XCSwiftPackageProductDependency;
			package = 0078581A2B4C532B007C0C22 /* XCRemoteSwiftPackageReference "firebase-ios-sdk" */;
			productName = FirebaseAuth;
		};
		009EA5B02B74E2DC002194FA /* FirebaseFirestore */ = {
			isa = XCSwiftPackageProductDependency;
			package = 0078581A2B4C532B007C0C22 /* XCRemoteSwiftPackageReference "firebase-ios-sdk" */;
			productName = FirebaseFirestore;
		};
		009EA5B22B74E2E8002194FA /* FirebaseFirestoreSwift */ = {
			isa = XCSwiftPackageProductDependency;
			package = 0078581A2B4C532B007C0C22 /* XCRemoteSwiftPackageReference "firebase-ios-sdk" */;
			productName = FirebaseFirestoreSwift;
		};
/* End XCSwiftPackageProductDependency section */
	};
	rootObject = 00CD65382B0670B0004B8EA4 /* Project object */;
}
