// !$*UTF8*$!
{
	archiveVersion = 1;
	classes = {
	};
	objectVersion = 56;
	objects = {

/* Begin PBXBuildFile section */
		007858192B4C525E007C0C22 /* GoogleService-Info.plist in Resources */ = {isa = PBXBuildFile; fileRef = 007858182B4C525D007C0C22 /* GoogleService-Info.plist */; };
		0078581C2B4C532B007C0C22 /* FirebaseAnalytics in Frameworks */ = {isa = PBXBuildFile; productRef = 0078581B2B4C532B007C0C22 /* FirebaseAnalytics */; };
		0078581E2B4C532B007C0C22 /* FirebaseAnalyticsOnDeviceConversion in Frameworks */ = {isa = PBXBuildFile; productRef = 0078581D2B4C532B007C0C22 /* FirebaseAnalyticsOnDeviceConversion */; };
		007858202B4C532B007C0C22 /* FirebaseAnalyticsSwift in Frameworks */ = {isa = PBXBuildFile; productRef = 0078581F2B4C532B007C0C22 /* FirebaseAnalyticsSwift */; };
		007858222B4C532B007C0C22 /* FirebaseAnalyticsWithoutAdIdSupport in Frameworks */ = {isa = PBXBuildFile; productRef = 007858212B4C532B007C0C22 /* FirebaseAnalyticsWithoutAdIdSupport */; };
		007858242B4C532B007C0C22 /* FirebaseAppCheck in Frameworks */ = {isa = PBXBuildFile; productRef = 007858232B4C532B007C0C22 /* FirebaseAppCheck */; };
		00CD65442B0670B0004B8EA4 /* Dog_feederApp.swift in Sources */ = {isa = PBXBuildFile; fileRef = 00CD65432B0670B0004B8EA4 /* Dog_feederApp.swift */; };
		00CD65462B0670B0004B8EA4 /* ContentView.swift in Sources */ = {isa = PBXBuildFile; fileRef = 00CD65452B0670B0004B8EA4 /* ContentView.swift */; };
		00CD65482B0670B1004B8EA4 /* Assets.xcassets in Resources */ = {isa = PBXBuildFile; fileRef = 00CD65472B0670B1004B8EA4 /* Assets.xcassets */; };
		00CD654B2B0670B1004B8EA4 /* Preview Assets.xcassets in Resources */ = {isa = PBXBuildFile; fileRef = 00CD654A2B0670B1004B8EA4 /* Preview Assets.xcassets */; };
/* End PBXBuildFile section */

/* Begin PBXFileReference section */
		007858182B4C525D007C0C22 /* GoogleService-Info.plist */ = {isa = PBXFileReference; lastKnownFileType = text.plist.xml; name = "GoogleService-Info.plist"; path = "Dog-feeder/GoogleService-Info.plist"; sourceTree = SOURCE_ROOT; };
		00CD65402B0670B0004B8EA4 /* Dog-feeder.app */ = {isa = PBXFileReference; explicitFileType = wrapper.application; includeInIndex = 0; path = "Dog-feeder.app"; sourceTree = BUILT_PRODUCTS_DIR; };
		00CD65432B0670B0004B8EA4 /* Dog_feederApp.swift */ = {isa = PBXFileReference; lastKnownFileType = sourcecode.swift; path = Dog_feederApp.swift; sourceTree = "<group>"; };
		00CD65452B0670B0004B8EA4 /* ContentView.swift */ = {isa = PBXFileReference; lastKnownFileType = sourcecode.swift; path = ContentView.swift; sourceTree = "<group>"; };
		00CD65472B0670B1004B8EA4 /* Assets.xcassets */ = {isa = PBXFileReference; lastKnownFileType = folder.assetcatalog; path = Assets.xcassets; sourceTree = "<group>"; };
		00CD654A2B0670B1004B8EA4 /* Preview Assets.xcassets */ = {isa = PBXFileReference; lastKnownFileType = folder.assetcatalog; path = "Preview Assets.xcassets"; sourceTree = "<group>"; };
		6F5DDDBB2214A65C8F958FAB /* Pods-Dog-feeder.release.xcconfig */ = {isa = PBXFileReference; includeInIndex = 1; lastKnownFileType = text.xcconfig; name = "Pods-Dog-feeder.release.xcconfig"; path = "Target Support Files/Pods-Dog-feeder/Pods-Dog-feeder.release.xcconfig"; sourceTree = "<group>"; };
		EC18CD6235B67672D3112A25 /* Pods-Dog-feeder.debug.xcconfig */ = {isa = PBXFileReference; includeInIndex = 1; lastKnownFileType = text.xcconfig; name = "Pods-Dog-feeder.debug.xcconfig"; path = "Target Support Files/Pods-Dog-feeder/Pods-Dog-feeder.debug.xcconfig"; sourceTree = "<group>"; };
/* End PBXFileReference section */

/* Begin PBXFrameworksBuildPhase section */
		00CD653D2B0670B0004B8EA4 /* Frameworks */ = {
			isa = PBXFrameworksBuildPhase;
			buildActionMask = 2147483647;
			files = (
				007858202B4C532B007C0C22 /* FirebaseAnalyticsSwift in Frameworks */,
				0078581C2B4C532B007C0C22 /* FirebaseAnalytics in Frameworks */,
				0078581E2B4C532B007C0C22 /* FirebaseAnalyticsOnDeviceConversion in Frameworks */,
				007858242B4C532B007C0C22 /* FirebaseAppCheck in Frameworks */,
				007858222B4C532B007C0C22 /* FirebaseAnalyticsWithoutAdIdSupport in Frameworks */,
			);
			runOnlyForDeploymentPostprocessing = 0;
		};
/* End PBXFrameworksBuildPhase section */

/* Begin PBXGroup section */
		00CD65372B0670B0004B8EA4 = {
			isa = PBXGroup;
			children = (
				00CD65422B0670B0004B8EA4 /* Dog-feeder */,
				00CD65412B0670B0004B8EA4 /* Products */,
				CB9E6E621D0D0DE02D504937 /* Pods */,
			);
			sourceTree = "<group>";
		};
		00CD65412B0670B0004B8EA4 /* Products */ = {
			isa = PBXGroup;
			children = (
				00CD65402B0670B0004B8EA4 /* Dog-feeder.app */,
			);
			name = Products;
			sourceTree = "<group>";
		};
		00CD65422B0670B0004B8EA4 /* Dog-feeder */ = {
			isa = PBXGroup;
			children = (
				00CD65432B0670B0004B8EA4 /* Dog_feederApp.swift */,
				00CD65452B0670B0004B8EA4 /* ContentView.swift */,
				007858182B4C525D007C0C22 /* GoogleService-Info.plist */,
				00CD65472B0670B1004B8EA4 /* Assets.xcassets */,
				00CD65492B0670B1004B8EA4 /* Preview Content */,
			);
			path = "Dog-feeder";
			sourceTree = "<group>";
		};
		00CD65492B0670B1004B8EA4 /* Preview Content */ = {
			isa = PBXGroup;
			children = (
				00CD654A2B0670B1004B8EA4 /* Preview Assets.xcassets */,
			);
			path = "Preview Content";
			sourceTree = "<group>";
		};
		CB9E6E621D0D0DE02D504937 /* Pods */ = {
			isa = PBXGroup;
			children = (
				EC18CD6235B67672D3112A25 /* Pods-Dog-feeder.debug.xcconfig */,
				6F5DDDBB2214A65C8F958FAB /* Pods-Dog-feeder.release.xcconfig */,
			);
			path = Pods;
			sourceTree = "<group>";
		};
/* End PBXGroup section */

/* Begin PBXNativeTarget section */
		00CD653F2B0670B0004B8EA4 /* Dog-feeder */ = {
			isa = PBXNativeTarget;
			buildConfigurationList = 00CD654E2B0670B1004B8EA4 /* Build configuration list for PBXNativeTarget "Dog-feeder" */;
			buildPhases = (
				74A8D12D13FDB3C528414078 /* [CP] Check Pods Manifest.lock */,
				00CD653C2B0670B0004B8EA4 /* Sources */,
				00CD653D2B0670B0004B8EA4 /* Frameworks */,
				00CD653E2B0670B0004B8EA4 /* Resources */,
			);
			buildRules = (
			);
			dependencies = (
			);
			name = "Dog-feeder";
			packageProductDependencies = (
				0078581B2B4C532B007C0C22 /* FirebaseAnalytics */,
				0078581D2B4C532B007C0C22 /* FirebaseAnalyticsOnDeviceConversion */,
				0078581F2B4C532B007C0C22 /* FirebaseAnalyticsSwift */,
				007858212B4C532B007C0C22 /* FirebaseAnalyticsWithoutAdIdSupport */,
				007858232B4C532B007C0C22 /* FirebaseAppCheck */,
			);
			productName = "Dog-feeder";
			productReference = 00CD65402B0670B0004B8EA4 /* Dog-feeder.app */;
			productType = "com.apple.product-type.application";
		};
/* End PBXNativeTarget section */

/* Begin PBXProject section */
		00CD65382B0670B0004B8EA4 /* Project object */ = {
			isa = PBXProject;
			attributes = {
				BuildIndependentTargetsInParallel = 1;
				LastSwiftUpdateCheck = 1500;
				LastUpgradeCheck = 1500;
				TargetAttributes = {
					00CD653F2B0670B0004B8EA4 = {
						CreatedOnToolsVersion = 15.0;
					};
				};
			};
			buildConfigurationList = 00CD653B2B0670B0004B8EA4 /* Build configuration list for PBXProject "Dog-feeder" */;
			compatibilityVersion = "Xcode 14.0";
			developmentRegion = en;
			hasScannedForEncodings = 0;
			knownRegions = (
				en,
				Base,
			);
			mainGroup = 00CD65372B0670B0004B8EA4;
			packageReferences = (
				0078581A2B4C532B007C0C22 /* XCRemoteSwiftPackageReference "firebase-ios-sdk" */,
			);
			productRefGroup = 00CD65412B0670B0004B8EA4 /* Products */;
			projectDirPath = "";
			projectRoot = "";
			targets = (
				00CD653F2B0670B0004B8EA4 /* Dog-feeder */,
			);
		};
/* End PBXProject section */

/* Begin PBXResourcesBuildPhase section */
		00CD653E2B0670B0004B8EA4 /* Resources */ = {
			isa = PBXResourcesBuildPhase;
			buildActionMask = 2147483647;
			files = (
				00CD654B2B0670B1004B8EA4 /* Preview Assets.xcassets in Resources */,
				00CD65482B0670B1004B8EA4 /* Assets.xcassets in Resources */,
				007858192B4C525E007C0C22 /* GoogleService-Info.plist in Resources */,
			);
			runOnlyForDeploymentPostprocessing = 0;
		};
/* End PBXResourcesBuildPhase section */

/* Begin PBXShellScriptBuildPhase section */
		74A8D12D13FDB3C528414078 /* [CP] Check Pods Manifest.lock */ = {
			isa = PBXShellScriptBuildPhase;
			buildActionMask = 2147483647;
			files = (
			);
			inputFileListPaths = (
			);
			inputPaths = (
				"${PODS_PODFILE_DIR_PATH}/Podfile.lock",
				"${PODS_ROOT}/Manifest.lock",
			);
			name = "[CP] Check Pods Manifest.lock";
			outputFileListPaths = (
			);
			outputPaths = (
				"$(DERIVED_FILE_DIR)/Pods-Dog-feeder-checkManifestLockResult.txt",
			);
			runOnlyForDeploymentPostprocessing = 0;
			shellPath = /bin/sh;
			shellScript = "diff \"${PODS_PODFILE_DIR_PATH}/Podfile.lock\" \"${PODS_ROOT}/Manifest.lock\" > /dev/null\nif [ $? != 0 ] ; then\n    # print error to STDERR\n    echo \"error: The sandbox is not in sync with the Podfile.lock. Run 'pod install' or update your CocoaPods installation.\" >&2\n    exit 1\nfi\n# This output is used by Xcode 'outputs' to avoid re-running this script phase.\necho \"SUCCESS\" > \"${SCRIPT_OUTPUT_FILE_0}\"\n";
			showEnvVarsInLog = 0;
		};
/* End PBXShellScriptBuildPhase section */

/* Begin PBXSourcesBuildPhase section */
		00CD653C2B0670B0004B8EA4 /* Sources */ = {
			isa = PBXSourcesBuildPhase;
			buildActionMask = 2147483647;
			files = (
				00CD65462B0670B0004B8EA4 /* ContentView.swift in Sources */,
				00CD65442B0670B0004B8EA4 /* Dog_feederApp.swift in Sources */,
			);
			runOnlyForDeploymentPostprocessing = 0;
		};
/* End PBXSourcesBuildPhase section */

/* Begin XCBuildConfiguration section */
		00CD654C2B0670B1004B8EA4 /* Debug */ = {
			isa = XCBuildConfiguration;
			buildSettings = {
				ALWAYS_SEARCH_USER_PATHS = NO;
				ASSETCATALOG_COMPILER_GENERATE_SWIFT_ASSET_SYMBOL_EXTENSIONS = YES;
				CLANG_ANALYZER_NONNULL = YES;
				CLANG_ANALYZER_NUMBER_OBJECT_CONVERSION = YES_AGGRESSIVE;
				CLANG_CXX_LANGUAGE_STANDARD = "gnu++20";
				CLANG_ENABLE_MODULES = YES;
				CLANG_ENABLE_OBJC_ARC = YES;
				CLANG_ENABLE_OBJC_WEAK = YES;
				CLANG_WARN_BLOCK_CAPTURE_AUTORELEASING = YES;
				CLANG_WARN_BOOL_CONVERSION = YES;
				CLANG_WARN_COMMA = YES;
				CLANG_WARN_CONSTANT_CONVERSION = YES;
				CLANG_WARN_DEPRECATED_OBJC_IMPLEMENTATIONS = YES;
				CLANG_WARN_DIRECT_OBJC_ISA_USAGE = YES_ERROR;
				CLANG_WARN_DOCUMENTATION_COMMENTS = YES;
				CLANG_WARN_EMPTY_BODY = YES;
				CLANG_WARN_ENUM_CONVERSION = YES;
				CLANG_WARN_INFINITE_RECURSION = YES;
				CLANG_WARN_INT_CONVERSION = YES;
				CLANG_WARN_NON_LITERAL_NULL_CONVERSION = YES;
				CLANG_WARN_OBJC_IMPLICIT_RETAIN_SELF = YES;
				CLANG_WARN_OBJC_LITERAL_CONVERSION = YES;
				CLANG_WARN_OBJC_ROOT_CLASS = YES_ERROR;
				CLANG_WARN_QUOTED_INCLUDE_IN_FRAMEWORK_HEADER = YES;
				CLANG_WARN_RANGE_LOOP_ANALYSIS = YES;
				CLANG_WARN_STRICT_PROTOTYPES = YES;
				CLANG_WARN_SUSPICIOUS_MOVE = YES;
				CLANG_WARN_UNGUARDED_AVAILABILITY = YES_AGGRESSIVE;
				CLANG_WARN_UNREACHABLE_CODE = YES;
				CLANG_WARN__DUPLICATE_METHOD_MATCH = YES;
				COPY_PHASE_STRIP = NO;
				DEBUG_INFORMATION_FORMAT = dwarf;
				ENABLE_STRICT_OBJC_MSGSEND = YES;
				ENABLE_TESTABILITY = YES;
				ENABLE_USER_SCRIPT_SANDBOXING = YES;
				GCC_C_LANGUAGE_STANDARD = gnu17;
				GCC_DYNAMIC_NO_PIC = NO;
				GCC_NO_COMMON_BLOCKS = YES;
				GCC_OPTIMIZATION_LEVEL = 0;
				GCC_PREPROCESSOR_DEFINITIONS = (
					"DEBUG=1",
					"$(inherited)",
				);
				GCC_WARN_64_TO_32_BIT_CONVERSION = YES;
				GCC_WARN_ABOUT_RETURN_TYPE = YES_ERROR;
				GCC_WARN_UNDECLARED_SELECTOR = YES;
				GCC_WARN_UNINITIALIZED_AUTOS = YES_AGGRESSIVE;
				GCC_WARN_UNUSED_FUNCTION = YES;
				GCC_WARN_UNUSED_VARIABLE = YES;
				IPHONEOS_DEPLOYMENT_TARGET = 17.0;
				LOCALIZATION_PREFERS_STRING_CATALOGS = YES;
				MTL_ENABLE_DEBUG_INFO = INCLUDE_SOURCE;
				MTL_FAST_MATH = YES;
				ONLY_ACTIVE_ARCH = YES;
				SDKROOT = iphoneos;
				SWIFT_ACTIVE_COMPILATION_CONDITIONS = "DEBUG $(inherited)";
				SWIFT_OPTIMIZATION_LEVEL = "-Onone";
			};
			name = Debug;
		};
		00CD654D2B0670B1004B8EA4 /* Release */ = {
			isa = XCBuildConfiguration;
			buildSettings = {
				ALWAYS_SEARCH_USER_PATHS = NO;
				ASSETCATALOG_COMPILER_GENERATE_SWIFT_ASSET_SYMBOL_EXTENSIONS = YES;
				CLANG_ANALYZER_NONNULL = YES;
				CLANG_ANALYZER_NUMBER_OBJECT_CONVERSION = YES_AGGRESSIVE;
				CLANG_CXX_LANGUAGE_STANDARD = "gnu++20";
				CLANG_ENABLE_MODULES = YES;
				CLANG_ENABLE_OBJC_ARC = YES;
				CLANG_ENABLE_OBJC_WEAK = YES;
				CLANG_WARN_BLOCK_CAPTURE_AUTORELEASING = YES;
				CLANG_WARN_BOOL_CONVERSION = YES;
				CLANG_WARN_COMMA = YES;
				CLANG_WARN_CONSTANT_CONVERSION = YES;
				CLANG_WARN_DEPRECATED_OBJC_IMPLEMENTATIONS = YES;
				CLANG_WARN_DIRECT_OBJC_ISA_USAGE = YES_ERROR;
				CLANG_WARN_DOCUMENTATION_COMMENTS = YES;
				CLANG_WARN_EMPTY_BODY = YES;
				CLANG_WARN_ENUM_CONVERSION = YES;
				CLANG_WARN_INFINITE_RECURSION = YES;
				CLANG_WARN_INT_CONVERSION = YES;
				CLANG_WARN_NON_LITERAL_NULL_CONVERSION = YES;
				CLANG_WARN_OBJC_IMPLICIT_RETAIN_SELF = YES;
				CLANG_WARN_OBJC_LITERAL_CONVERSION = YES;
				CLANG_WARN_OBJC_ROOT_CLASS = YES_ERROR;
				CLANG_WARN_QUOTED_INCLUDE_IN_FRAMEWORK_HEADER = YES;
				CLANG_WARN_RANGE_LOOP_ANALYSIS = YES;
				CLANG_WARN_STRICT_PROTOTYPES = YES;
				CLANG_WARN_SUSPICIOUS_MOVE = YES;
				CLANG_WARN_UNGUARDED_AVAILABILITY = YES_AGGRESSIVE;
				CLANG_WARN_UNREACHABLE_CODE = YES;
				CLANG_WARN__DUPLICATE_METHOD_MATCH = YES;
				COPY_PHASE_STRIP = NO;
				DEBUG_INFORMATION_FORMAT = "dwarf-with-dsym";
				ENABLE_NS_ASSERTIONS = NO;
				ENABLE_STRICT_OBJC_MSGSEND = YES;
				ENABLE_USER_SCRIPT_SANDBOXING = YES;
				GCC_C_LANGUAGE_STANDARD = gnu17;
				GCC_NO_COMMON_BLOCKS = YES;
				GCC_WARN_64_TO_32_BIT_CONVERSION = YES;
				GCC_WARN_ABOUT_RETURN_TYPE = YES_ERROR;
				GCC_WARN_UNDECLARED_SELECTOR = YES;
				GCC_WARN_UNINITIALIZED_AUTOS = YES_AGGRESSIVE;
				GCC_WARN_UNUSED_FUNCTION = YES;
				GCC_WARN_UNUSED_VARIABLE = YES;
				IPHONEOS_DEPLOYMENT_TARGET = 17.0;
				LOCALIZATION_PREFERS_STRING_CATALOGS = YES;
				MTL_ENABLE_DEBUG_INFO = NO;
				MTL_FAST_MATH = YES;
				SDKROOT = iphoneos;
				SWIFT_COMPILATION_MODE = wholemodule;
				VALIDATE_PRODUCT = YES;
			};
			name = Release;
		};
		00CD654F2B0670B1004B8EA4 /* Debug */ = {
			isa = XCBuildConfiguration;
			baseConfigurationReference = EC18CD6235B67672D3112A25 /* Pods-Dog-feeder.debug.xcconfig */;
			buildSettings = {
				ASSETCATALOG_COMPILER_APPICON_NAME = AppIcon;
				ASSETCATALOG_COMPILER_GLOBAL_ACCENT_COLOR_NAME = AccentColor;
				CODE_SIGN_STYLE = Automatic;
				CURRENT_PROJECT_VERSION = 1;
				DEVELOPMENT_ASSET_PATHS = "\"Dog-feeder/Preview Content\"";
				DEVELOPMENT_TEAM = SMRR93A979;
				ENABLE_PREVIEWS = YES;
				GENERATE_INFOPLIST_FILE = YES;
				INFOPLIST_KEY_UIApplicationSceneManifest_Generation = YES;
				INFOPLIST_KEY_UIApplicationSupportsIndirectInputEvents = YES;
				INFOPLIST_KEY_UILaunchScreen_Generation = YES;
				INFOPLIST_KEY_UISupportedInterfaceOrientations_iPad = "UIInterfaceOrientationPortrait UIInterfaceOrientationPortraitUpsideDown UIInterfaceOrientationLandscapeLeft UIInterfaceOrientationLandscapeRight";
				INFOPLIST_KEY_UISupportedInterfaceOrientations_iPhone = "UIInterfaceOrientationPortrait UIInterfaceOrientationLandscapeLeft UIInterfaceOrientationLandscapeRight";
				LD_RUNPATH_SEARCH_PATHS = (
					"$(inherited)",
					"@executable_path/Frameworks",
				);
				MARKETING_VERSION = 1.0;
				PRODUCT_BUNDLE_IDENTIFIER = "DR.Dog-feeder";
				PRODUCT_NAME = "$(TARGET_NAME)";
				SWIFT_EMIT_LOC_STRINGS = YES;
				SWIFT_VERSION = 5.0;
				TARGETED_DEVICE_FAMILY = "1,2";
			};
			name = Debug;
		};
		00CD65502B0670B1004B8EA4 /* Release */ = {
			isa = XCBuildConfiguration;
			baseConfigurationReference = 6F5DDDBB2214A65C8F958FAB /* Pods-Dog-feeder.release.xcconfig */;
			buildSettings = {
				ASSETCATALOG_COMPILER_APPICON_NAME = AppIcon;
				ASSETCATALOG_COMPILER_GLOBAL_ACCENT_COLOR_NAME = AccentColor;
				CODE_SIGN_STYLE = Automatic;
				CURRENT_PROJECT_VERSION = 1;
				DEVELOPMENT_ASSET_PATHS = "\"Dog-feeder/Preview Content\"";
				DEVELOPMENT_TEAM = SMRR93A979;
				ENABLE_PREVIEWS = YES;
				GENERATE_INFOPLIST_FILE = YES;
				INFOPLIST_KEY_UIApplicationSceneManifest_Generation = YES;
				INFOPLIST_KEY_UIApplicationSupportsIndirectInputEvents = YES;
				INFOPLIST_KEY_UILaunchScreen_Generation = YES;
				INFOPLIST_KEY_UISupportedInterfaceOrientations_iPad = "UIInterfaceOrientationPortrait UIInterfaceOrientationPortraitUpsideDown UIInterfaceOrientationLandscapeLeft UIInterfaceOrientationLandscapeRight";
				INFOPLIST_KEY_UISupportedInterfaceOrientations_iPhone = "UIInterfaceOrientationPortrait UIInterfaceOrientationLandscapeLeft UIInterfaceOrientationLandscapeRight";
				LD_RUNPATH_SEARCH_PATHS = (
					"$(inherited)",
					"@executable_path/Frameworks",
				);
				MARKETING_VERSION = 1.0;
				PRODUCT_BUNDLE_IDENTIFIER = "DR.Dog-feeder";
				PRODUCT_NAME = "$(TARGET_NAME)";
				SWIFT_EMIT_LOC_STRINGS = YES;
				SWIFT_VERSION = 5.0;
				TARGETED_DEVICE_FAMILY = "1,2";
			};
			name = Release;
		};
/* End XCBuildConfiguration section */

/* Begin XCConfigurationList section */
		00CD653B2B0670B0004B8EA4 /* Build configuration list for PBXProject "Dog-feeder" */ = {
			isa = XCConfigurationList;
			buildConfigurations = (
				00CD654C2B0670B1004B8EA4 /* Debug */,
				00CD654D2B0670B1004B8EA4 /* Release */,
			);
			defaultConfigurationIsVisible = 0;
			defaultConfigurationName = Release;
		};
		00CD654E2B0670B1004B8EA4 /* Build configuration list for PBXNativeTarget "Dog-feeder" */ = {
			isa = XCConfigurationList;
			buildConfigurations = (
				00CD654F2B0670B1004B8EA4 /* Debug */,
				00CD65502B0670B1004B8EA4 /* Release */,
			);
			defaultConfigurationIsVisible = 0;
			defaultConfigurationName = Release;
		};
/* End XCConfigurationList section */

/* Begin XCRemoteSwiftPackageReference section */
		0078581A2B4C532B007C0C22 /* XCRemoteSwiftPackageReference "firebase-ios-sdk" */ = {
			isa = XCRemoteSwiftPackageReference;
			repositoryURL = "https://github.com/firebase/firebase-ios-sdk.git";
			requirement = {
				kind = upToNextMajorVersion;
				minimumVersion = 10.19.1;
			};
		};
/* End XCRemoteSwiftPackageReference section */

/* Begin XCSwiftPackageProductDependency section */
		0078581B2B4C532B007C0C22 /* FirebaseAnalytics */ = {
			isa = XCSwiftPackageProductDependency;
			package = 0078581A2B4C532B007C0C22 /* XCRemoteSwiftPackageReference "firebase-ios-sdk" */;
			productName = FirebaseAnalytics;
		};
		0078581D2B4C532B007C0C22 /* FirebaseAnalyticsOnDeviceConversion */ = {
			isa = XCSwiftPackageProductDependency;
			package = 0078581A2B4C532B007C0C22 /* XCRemoteSwiftPackageReference "firebase-ios-sdk" */;
			productName = FirebaseAnalyticsOnDeviceConversion;
		};
		0078581F2B4C532B007C0C22 /* FirebaseAnalyticsSwift */ = {
			isa = XCSwiftPackageProductDependency;
			package = 0078581A2B4C532B007C0C22 /* XCRemoteSwiftPackageReference "firebase-ios-sdk" */;
			productName = FirebaseAnalyticsSwift;
		};
		007858212B4C532B007C0C22 /* FirebaseAnalyticsWithoutAdIdSupport */ = {
			isa = XCSwiftPackageProductDependency;
			package = 0078581A2B4C532B007C0C22 /* XCRemoteSwiftPackageReference "firebase-ios-sdk" */;
			productName = FirebaseAnalyticsWithoutAdIdSupport;
		};
		007858232B4C532B007C0C22 /* FirebaseAppCheck */ = {
			isa = XCSwiftPackageProductDependency;
			package = 0078581A2B4C532B007C0C22 /* XCRemoteSwiftPackageReference "firebase-ios-sdk" */;
			productName = FirebaseAppCheck;
		};
/* End XCSwiftPackageProductDependency section */
	};
	rootObject = 00CD65382B0670B0004B8EA4 /* Project object */;
}
